
Microsoft Visual Studio Solution File, Format Version 12.00
# Visual Studio Version 17
VisualStudioVersion = 17.10.34916.146
MinimumVisualStudioVersion = 10.0.40219.1
Project("{FAE04EC0-301F-11D3-BF4B-00C04F79EFBC}") = "Task Part 2 APi", "Task Part 2 APi\Task Part 2 APi.csproj", "{C7EC633F-4764-4E9C-B7FF-907051925B42}"
EndProject
Global
	GlobalSection(SolutionConfigurationPlatforms) = preSolution
		Debug|Any CPU = Debug|Any CPU
		Release|Any CPU = Release|Any CPU
	EndGlobalSection
	GlobalSection(ProjectConfigurationPlatforms) = postSolution
		{C7EC633F-4764-4E9C-B7FF-907051925B42}.Debug|Any CPU.ActiveCfg = Debug|Any CPU
		{C7EC633F-4764-4E9C-B7FF-907051925B42}.Debug|Any CPU.Build.0 = Debug|Any CPU
		{C7EC633F-4764-4E9C-B7FF-907051925B42}.Release|Any CPU.ActiveCfg = Release|Any CPU
		{C7EC633F-4764-4E9C-B7FF-907051925B42}.Release|Any CPU.Build.0 = Release|Any CPU
	EndGlobalSection
	GlobalSection(SolutionProperties) = preSolution
		HideSolutionNode = FALSE
	EndGlobalSection
	GlobalSection(ExtensibilityGlobals) = postSolution
		SolutionGuid = {6FC5F70B-B419-40A6-95C6-567E4B71FEAF}
	EndGlobalSection
EndGlobal
